dependencies:
- name: vault
  repository: https://helm.releases.hashicorp.com
  version: 0.32.0
- name: keycloak
  repository: https://charts.bitnami.com/bitnami
  version: 25.2.0
- name: cloudnative-pg
  repository: https://charts.bitnami.com/bitnami
  version: 1.0.11
digest: sha256:f38251b13d253a3373d62838d971a44190f029938b85ac94d867565a93c39c6e
generated: "2026-05-15T14:04:37.04161667+05:30"
